
Microsoft Visual Studio Solution File, Format Version 12.00
# Visual Studio Version 17
VisualStudioVersion = 17.8.34330.188
MinimumVisualStudioVersion = 10.0.40219.1
Project("{FAE04EC0-301F-11D3-BF4B-00C04F79EFBC}") = "EFAssesement", "EFAssesement.csproj", "{8E35806B-2826-4C5C-9FF8-8B0E871C7C04}"
EndProject
Global
	GlobalSection(SolutionConfigurationPlatforms) = preSolution
		Debug|Any CPU = Debug|Any CPU
		Release|Any CPU = Release|Any CPU
	EndGlobalSection
	GlobalSection(ProjectConfigurationPlatforms) = postSolution
		{8E35806B-2826-4C5C-9FF8-8B0E871C7C04}.Debug|Any CPU.ActiveCfg = Debug|Any CPU
		{8E35806B-2826-4C5C-9FF8-8B0E871C7C04}.Debug|Any CPU.Build.0 = Debug|Any CPU
		{8E35806B-2826-4C5C-9FF8-8B0E871C7C04}.Release|Any CPU.ActiveCfg = Release|Any CPU
		{8E35806B-2826-4C5C-9FF8-8B0E871C7C04}.Release|Any CPU.Build.0 = Release|Any CPU
	EndGlobalSection
	GlobalSection(SolutionProperties) = preSolution
		HideSolutionNode = FALSE
	EndGlobalSection
	GlobalSection(ExtensibilityGlobals) = postSolution
		SolutionGuid = {DC64470F-639D-4C30-B9B3-261D4CC0EE26}
	EndGlobalSection
EndGlobal
