
Microsoft Visual Studio Solution File, Format Version 12.00
# Visual Studio Version 17
VisualStudioVersion = 17.8.34330.188
MinimumVisualStudioVersion = 10.0.40219.1
Project("{FAE04EC0-301F-11D3-BF4B-00C04F79EFBC}") = "StringPractise", "StringPractise.csproj", "{74A1AFAB-A0F1-4E46-8B0C-4CCCECB6BAB2}"
EndProject
Global
	GlobalSection(SolutionConfigurationPlatforms) = preSolution
		Debug|Any CPU = Debug|Any CPU
		Release|Any CPU = Release|Any CPU
	EndGlobalSection
	GlobalSection(ProjectConfigurationPlatforms) = postSolution
		{74A1AFAB-A0F1-4E46-8B0C-4CCCECB6BAB2}.Debug|Any CPU.ActiveCfg = Debug|Any CPU
		{74A1AFAB-A0F1-4E46-8B0C-4CCCECB6BAB2}.Debug|Any CPU.Build.0 = Debug|Any CPU
		{74A1AFAB-A0F1-4E46-8B0C-4CCCECB6BAB2}.Release|Any CPU.ActiveCfg = Release|Any CPU
		{74A1AFAB-A0F1-4E46-8B0C-4CCCECB6BAB2}.Release|Any CPU.Build.0 = Release|Any CPU
	EndGlobalSection
	GlobalSection(SolutionProperties) = preSolution
		HideSolutionNode = FALSE
	EndGlobalSection
	GlobalSection(ExtensibilityGlobals) = postSolution
		SolutionGuid = {455F2F09-D509-4AF4-992F-6828FFC4BAA5}
	EndGlobalSection
EndGlobal
