
Microsoft Visual Studio Solution File, Format Version 12.00
# Visual Studio Version 17
VisualStudioVersion = 17.8.34330.188
MinimumVisualStudioVersion = 10.0.40219.1
Project("{FAE04EC0-301F-11D3-BF4B-00C04F79EFBC}") = "HandsOnArrays", "HandsOnArrays.csproj", "{7547AA57-B630-49D9-BE1C-64869F7C85BA}"
EndProject
Global
	GlobalSection(SolutionConfigurationPlatforms) = preSolution
		Debug|Any CPU = Debug|Any CPU
		Release|Any CPU = Release|Any CPU
	EndGlobalSection
	GlobalSection(ProjectConfigurationPlatforms) = postSolution
		{7547AA57-B630-49D9-BE1C-64869F7C85BA}.Debug|Any CPU.ActiveCfg = Debug|Any CPU
		{7547AA57-B630-49D9-BE1C-64869F7C85BA}.Debug|Any CPU.Build.0 = Debug|Any CPU
		{7547AA57-B630-49D9-BE1C-64869F7C85BA}.Release|Any CPU.ActiveCfg = Release|Any CPU
		{7547AA57-B630-49D9-BE1C-64869F7C85BA}.Release|Any CPU.Build.0 = Release|Any CPU
	EndGlobalSection
	GlobalSection(SolutionProperties) = preSolution
		HideSolutionNode = FALSE
	EndGlobalSection
	GlobalSection(ExtensibilityGlobals) = postSolution
		SolutionGuid = {E82E345C-894A-4972-A8D7-8D50C7656234}
	EndGlobalSection
EndGlobal
