
Microsoft Visual Studio Solution File, Format Version 12.00
# Visual Studio Version 17
VisualStudioVersion = 17.8.34330.188
MinimumVisualStudioVersion = 10.0.40219.1
Project("{FAE04EC0-301F-11D3-BF4B-00C04F79EFBC}") = "Student", "Student.csproj", "{D04F854D-B917-4DF7-BC0C-A06A8C6CECA8}"
EndProject
Global
	GlobalSection(SolutionConfigurationPlatforms) = preSolution
		Debug|Any CPU = Debug|Any CPU
		Release|Any CPU = Release|Any CPU
	EndGlobalSection
	GlobalSection(ProjectConfigurationPlatforms) = postSolution
		{D04F854D-B917-4DF7-BC0C-A06A8C6CECA8}.Debug|Any CPU.ActiveCfg = Debug|Any CPU
		{D04F854D-B917-4DF7-BC0C-A06A8C6CECA8}.Debug|Any CPU.Build.0 = Debug|Any CPU
		{D04F854D-B917-4DF7-BC0C-A06A8C6CECA8}.Release|Any CPU.ActiveCfg = Release|Any CPU
		{D04F854D-B917-4DF7-BC0C-A06A8C6CECA8}.Release|Any CPU.Build.0 = Release|Any CPU
	EndGlobalSection
	GlobalSection(SolutionProperties) = preSolution
		HideSolutionNode = FALSE
	EndGlobalSection
	GlobalSection(ExtensibilityGlobals) = postSolution
		SolutionGuid = {8AEE6DAA-C79A-428C-B2E9-13DE5819CF78}
	EndGlobalSection
EndGlobal
